{
    "_meta": {
        "hash": {
            "sha256": "6e2c8fb5079d849dbefc3da99f6c7dd7e20633493c43c20f92fa8ef332259ad2"
        },
        "pipfile-spec": 6,
        "requires": {
            "python_version": "*"
        },
        "sources": [
            {
                "name": "pypi",
                "url": "https://pypi.org/simple",
                "verify_ssl": true
            }
        ]
    },
    "default": {
        "alembic": {
            "hashes": [
                "sha256:1acdd7a3a478e208b0503cd73614d5e4c6efafa4e73518bb60e4f2846a37b1c5",
                "sha256:496e888245a53adf1498fcab31713a469c65836f8de76e01399aa1c3e90dd213"
            ],
            "markers": "python_version >= '3.8'",
            "version": "==1.14.1"
        },
        "blinker": {
            "hashes": [
                "sha256:b4ce2265a7abece45e7cc896e98dbebe6cead56bcf805a3d23136d145f5445bf",
                "sha256:ba0efaa9080b619ff2f3459d1d500c57bddea4a6b424b60a91141db6fd2f08bc"
            ],
            "markers": "python_version >= '3.9'",
            "version": "==1.9.0"
        },
        "click": {
            "hashes": [
                "sha256:63c132bbbed01578a06712a2d1f497bb62d9c1c0d329b7903a866228027263b2",
                "sha256:ed53c9d8990d83c2a27deae68e4ee337473f6330c040a31d4225c9574d16096a"
            ],
            "markers": "python_version >= '3.7'",
            "version": "==8.1.8"
        },
        "colorama": {
            "hashes": [
                "sha256:08695f5cb7ed6e0531a20572697297273c47b8cae5a63ffc6d6ed5c201be6e44",
                "sha256:4f1d9991f5acc0ca119f9d443620b77f9d6b33703e51011c16baf57afb285fc6"
            ],
            "index": "pypi",
            "version": "==0.4.6"
        },
        "faker": {
            "hashes": [
                "sha256:28c24061780f83b45d9cb15a72b8f143b09d276c9ff52eb557744b7a89e8ba19",
                "sha256:609abe555761ff31b0e5e16f958696e9b65c9224a7ac612ac96bfc2b8f09fe35"
            ],
            "index": "pypi",
            "version": "==35.2.0"
        },
        "flask": {
            "hashes": [
                "sha256:5f873c5184c897c8d9d1b05df1e3d01b14910ce69607a117bd3277098a5836ac",
                "sha256:d667207822eb83f1c4b50949b1623c8fc8d51f2341d65f72e1a1815397551136"
            ],
            "index": "pypi",
            "version": "==3.1.0"
        },
        "flask-buzz": {
            "hashes": [
                "sha256:5f98242f7c2c10368e99eea3a66450322ce20558858fa59db8fb576732789f43",
                "sha256:7b5560f5d374307148ffd6b1897fb4a14e6aa24bdd9beea61075d5d1d129c6b5"
            ],
            "markers": "python_version >= '3.8' and python_version < '4.0'",
            "version": "==3.1.0"
        },
        "flask-cors": {
            "hashes": [
                "sha256:5aadb4b950c4e93745034594d9f3ea6591f734bb3662e16e255ffbf5e89c88ef",
                "sha256:b9e307d082a9261c100d8fb0ba909eec6a228ed1b60a8315fd85f783d61910bc"
            ],
            "index": "pypi",
            "version": "==5.0.0"
        },
        "flask-mailman": {
            "hashes": [
                "sha256:0a66ead606b2ec9e4371d727f82709c7a51270bc5306be57c9f4ce0ed29dbe57",
                "sha256:3bc1ffffbd655ba9e468946a5f02e9cc772594fe1e98ace636c2f6717419eefa"
            ],
            "markers": "python_version >= '3.7' and python_version < '4.0'",
            "version": "==1.1.1"
        },
        "flask-migrate": {
            "hashes": [
                "sha256:1a336b06eb2c3ace005f5f2ded8641d534c18798d64061f6ff11f79e1434126d",
                "sha256:24d8051af161782e0743af1b04a152d007bad9772b2bca67b7ec1e8ceeb3910d"
            ],
            "index": "pypi",
            "version": "==4.1.0"
        },
        "flask-praetorian": {
            "hashes": [
                "sha256:0842b1045fb3380f7d1583d3d6525b3df64157396c752f5552a4b90d23426b67",
                "sha256:a4cbbac830f2138059001d8028cc9504a8c1920928e36d56436fb2c7b22d4ed2"
            ],
            "index": "pypi",
            "version": "==1.6.1"
        },
        "flask-sqlalchemy": {
            "hashes": [
                "sha256:4ba4be7f419dc72f4efd8802d69974803c37259dd42f3913b0dcf75c9447e0a0",
                "sha256:e4b68bb881802dda1a7d878b2fc84c06d1ee57fb40b874d3dc97dabfa36b8312"
            ],
            "index": "pypi",
            "version": "==3.1.1"
        },
        "greenlet": {
            "hashes": [
                "sha256:0153404a4bb921f0ff1abeb5ce8a5131da56b953eda6e14b88dc6bbc04d2049e",
                "sha256:03a088b9de532cbfe2ba2034b2b85e82df37874681e8c470d6fb2f8c04d7e4b7",
                "sha256:04b013dc07c96f83134b1e99888e7a79979f1a247e2a9f59697fa14b5862ed01",
                "sha256:05175c27cb459dcfc05d026c4232f9de8913ed006d42713cb8a5137bd49375f1",
                "sha256:09fc016b73c94e98e29af67ab7b9a879c307c6731a2c9da0db5a7d9b7edd1159",
                "sha256:0bbae94a29c9e5c7e4a2b7f0aae5c17e8e90acbfd3bf6270eeba60c39fce3563",
                "sha256:0fde093fb93f35ca72a556cf72c92ea3ebfda3d79fc35bb19fbe685853869a83",
                "sha256:1443279c19fca463fc33e65ef2a935a5b09bb90f978beab37729e1c3c6c25fe9",
                "sha256:1776fd7f989fc6b8d8c8cb8da1f6b82c5814957264d1f6cf818d475ec2bf6395",
                "sha256:1d3755bcb2e02de341c55b4fca7a745a24a9e7212ac953f6b3a48d117d7257aa",
                "sha256:23f20bb60ae298d7d8656c6ec6db134bca379ecefadb0b19ce6f19d1f232a942",
                "sha256:275f72decf9932639c1c6dd1013a1bc266438eb32710016a1c742df5da6e60a1",
                "sha256:2846930c65b47d70b9d178e89c7e1a69c95c1f68ea5aa0a58646b7a96df12441",
                "sha256:3319aa75e0e0639bc15ff54ca327e8dc7a6fe404003496e3c6925cd3142e0e22",
                "sha256:346bed03fe47414091be4ad44786d1bd8bef0c3fcad6ed3dee074a032ab408a9",
                "sha256:36b89d13c49216cadb828db8dfa6ce86bbbc476a82d3a6c397f0efae0525bdd0",
                "sha256:37b9de5a96111fc15418819ab4c4432e4f3c2ede61e660b1e33971eba26ef9ba",
                "sha256:396979749bd95f018296af156201d6211240e7a23090f50a8d5d18c370084dc3",
                "sha256:3b2813dc3de8c1ee3f924e4d4227999285fd335d1bcc0d2be6dc3f1f6a318ec1",
                "sha256:411f015496fec93c1c8cd4e5238da364e1da7a124bcb293f085bf2860c32c6f6",
                "sha256:47da355d8687fd65240c364c90a31569a133b7b60de111c255ef5b606f2ae291",
                "sha256:48ca08c771c268a768087b408658e216133aecd835c0ded47ce955381105ba39",
                "sha256:4afe7ea89de619adc868e087b4d2359282058479d7cfb94970adf4b55284574d",
                "sha256:4ce3ac6cdb6adf7946475d7ef31777c26d94bccc377e070a7986bd2d5c515467",
                "sha256:4ead44c85f8ab905852d3de8d86f6f8baf77109f9da589cb4fa142bd3b57b475",
                "sha256:54558ea205654b50c438029505def3834e80f0869a70fb15b871c29b4575ddef",
                "sha256:5e06afd14cbaf9e00899fae69b24a32f2196c19de08fcb9f4779dd4f004e5e7c",
                "sha256:62ee94988d6b4722ce0028644418d93a52429e977d742ca2ccbe1c4f4a792511",
                "sha256:63e4844797b975b9af3a3fb8f7866ff08775f5426925e1e0bbcfe7932059a12c",
                "sha256:6510bf84a6b643dabba74d3049ead221257603a253d0a9873f55f6a59a65f822",
                "sha256:667a9706c970cb552ede35aee17339a18e8f2a87a51fba2ed39ceeeb1004798a",
                "sha256:6ef9ea3f137e5711f0dbe5f9263e8c009b7069d8a1acea822bd5e9dae0ae49c8",
                "sha256:7017b2be767b9d43cc31416aba48aab0d2309ee31b4dbf10a1d38fb7972bdf9d",
                "sha256:7124e16b4c55d417577c2077be379514321916d5790fa287c9ed6f23bd2ffd01",
                "sha256:73aaad12ac0ff500f62cebed98d8789198ea0e6f233421059fa68a5aa7220145",
                "sha256:77c386de38a60d1dfb8e55b8c1101d68c79dfdd25c7095d51fec2dd800892b80",
                "sha256:7876452af029456b3f3549b696bb36a06db7c90747740c5302f74a9e9fa14b13",
                "sha256:7939aa3ca7d2a1593596e7ac6d59391ff30281ef280d8632fa03d81f7c5f955e",
                "sha256:8320f64b777d00dd7ccdade271eaf0cad6636343293a25074cc5566160e4de7b",
                "sha256:85f3ff71e2e60bd4b4932a043fbbe0f499e263c628390b285cb599154a3b03b1",
                "sha256:8b8b36671f10ba80e159378df9c4f15c14098c4fd73a36b9ad715f057272fbef",
                "sha256:93147c513fac16385d1036b7e5b102c7fbbdb163d556b791f0f11eada7ba65dc",
                "sha256:935e943ec47c4afab8965954bf49bfa639c05d4ccf9ef6e924188f762145c0ff",
                "sha256:94b6150a85e1b33b40b1464a3f9988dcc5251d6ed06842abff82e42632fac120",
                "sha256:94ebba31df2aa506d7b14866fed00ac141a867e63143fe5bca82a8e503b36437",
                "sha256:95ffcf719966dd7c453f908e208e14cde192e09fde6c7186c8f1896ef778d8cd",
                "sha256:98884ecf2ffb7d7fe6bd517e8eb99d31ff7855a840fa6d0d63cd07c037f6a981",
                "sha256:99cfaa2110534e2cf3ba31a7abcac9d328d1d9f1b95beede58294a60348fba36",
                "sha256:9e8f8c9cb53cdac7ba9793c276acd90168f416b9ce36799b9b885790f8ad6c0a",
                "sha256:a0dfc6c143b519113354e780a50381508139b07d2177cb6ad6a08278ec655798",
                "sha256:b2795058c23988728eec1f36a4e5e4ebad22f8320c85f3587b539b9ac84128d7",
                "sha256:b42703b1cf69f2aa1df7d1030b9d77d3e584a70755674d60e710f0af570f3761",
                "sha256:b7cede291382a78f7bb5f04a529cb18e068dd29e0fb27376074b6d0317bf4dd0",
                "sha256:b8a678974d1f3aa55f6cc34dc480169d58f2e6d8958895d68845fa4ab566509e",
                "sha256:b8da394b34370874b4572676f36acabac172602abf054cbc4ac910219f3340af",
                "sha256:c3a701fe5a9695b238503ce5bbe8218e03c3bcccf7e204e455e7462d770268aa",
                "sha256:c4aab7f6381f38a4b42f269057aee279ab0fc7bf2e929e3d4abfae97b682a12c",
                "sha256:ca9d0ff5ad43e785350894d97e13633a66e2b50000e8a183a50a88d834752d42",
                "sha256:d0028e725ee18175c6e422797c407874da24381ce0690d6b9396c204c7f7276e",
                "sha256:d21e10da6ec19b457b82636209cbe2331ff4306b54d06fa04b7c138ba18c8a81",
                "sha256:d5e975ca70269d66d17dd995dafc06f1b06e8cb1ec1e9ed54c1d1e4a7c4cf26e",
                "sha256:da7a9bff22ce038e19bf62c4dd1ec8391062878710ded0a845bcf47cc0200617",
                "sha256:db32b5348615a04b82240cc67983cb315309e88d444a288934ee6ceaebcad6cc",
                "sha256:dcc62f31eae24de7f8dce72134c8651c58000d3b1868e01392baea7c32c247de",
                "sha256:dfc59d69fc48664bc693842bd57acfdd490acafda1ab52c7836e3fc75c90a111",
                "sha256:e347b3bfcf985a05e8c0b7d462ba6f15b1ee1c909e2dcad795e49e91b152c383",
                "sha256:e4d333e558953648ca09d64f13e6d8f0523fa705f51cae3f03b5983489958c70",
                "sha256:ed10eac5830befbdd0c32f83e8aa6288361597550ba669b04c48f0f9a2c843c6",
                "sha256:efc0f674aa41b92da8c49e0346318c6075d734994c3c4e4430b1c3f853e498e4",
                "sha256:f1695e76146579f8c06c1509c7ce4dfe0706f49c6831a817ac04eebb2fd02011",
                "sha256:f1d4aeb8891338e60d1ab6127af1fe45def5259def8094b9c7e34690c8858803",
                "sha256:f406b22b7c9a9b4f8aa9d2ab13d6ae0ac3e85c9a809bd590ad53fed2bf70dc79",
                "sha256:f6ff3b14f2df4c41660a7dec01045a045653998784bf8cfcb5a525bdffffbc8f"
            ],
            "markers": "python_version < '3.14' and platform_machine == 'aarch64' or (platform_machine == 'ppc64le' or (platform_machine == 'x86_64' or (platform_machine == 'amd64' or (platform_machine == 'AMD64' or (platform_machine == 'win32' or platform_machine == 'WIN32')))))",
            "version": "==3.1.1"
        },
        "itsdangerous": {
            "hashes": [
                "sha256:c6242fc49e35958c8b15141343aa660db5fc54d4f13a1db01a3f5891b98700ef",
                "sha256:e0050c0b7da1eea53ffaf149c0cfbb5c6e2e2b69c4bef22c81fa6eb73e5f6173"
            ],
            "markers": "python_version >= '3.8'",
            "version": "==2.2.0"
        },
        "jinja2": {
            "hashes": [
                "sha256:8fefff8dc3034e27bb80d67c671eb8a9bc424c0ef4c0826edbff304cceff43bb",
                "sha256:aba0f4dc9ed8013c424088f68a5c226f7d6097ed89b246d7749c2ec4175c6adb"
            ],
            "markers": "python_version >= '3.7'",
            "version": "==3.1.5"
        },
        "mako": {
            "hashes": [
                "sha256:95920acccb578427a9aa38e37a186b1e43156c87260d7ba18ca63aa4c7cbd3a1",
                "sha256:b5d65ff3462870feec922dbccf38f6efb44e5714d7b593a656be86663d8600ac"
            ],
            "markers": "python_version >= '3.8'",
            "version": "==1.3.9"
        },
        "markupsafe": {
            "hashes": [
                "sha256:0bff5e0ae4ef2e1ae4fdf2dfd5b76c75e5c2fa4132d05fc1b0dabcd20c7e28c4",
                "sha256:0f4ca02bea9a23221c0182836703cbf8930c5e9454bacce27e767509fa286a30",
                "sha256:1225beacc926f536dc82e45f8a4d68502949dc67eea90eab715dea3a21c1b5f0",
                "sha256:131a3c7689c85f5ad20f9f6fb1b866f402c445b220c19fe4308c0b147ccd2ad9",
                "sha256:15ab75ef81add55874e7ab7055e9c397312385bd9ced94920f2802310c930396",
                "sha256:1a9d3f5f0901fdec14d8d2f66ef7d035f2157240a433441719ac9a3fba440b13",
                "sha256:1c99d261bd2d5f6b59325c92c73df481e05e57f19837bdca8413b9eac4bd8028",
                "sha256:1e084f686b92e5b83186b07e8a17fc09e38fff551f3602b249881fec658d3eca",
                "sha256:2181e67807fc2fa785d0592dc2d6206c019b9502410671cc905d132a92866557",
                "sha256:2cb8438c3cbb25e220c2ab33bb226559e7afb3baec11c4f218ffa7308603c832",
                "sha256:3169b1eefae027567d1ce6ee7cae382c57fe26e82775f460f0b2778beaad66c0",
                "sha256:3809ede931876f5b2ec92eef964286840ed3540dadf803dd570c3b7e13141a3b",
                "sha256:38a9ef736c01fccdd6600705b09dc574584b89bea478200c5fbf112a6b0d5579",
                "sha256:3d79d162e7be8f996986c064d1c7c817f6df3a77fe3d6859f6f9e7be4b8c213a",
                "sha256:444dcda765c8a838eaae23112db52f1efaf750daddb2d9ca300bcae1039adc5c",
                "sha256:48032821bbdf20f5799ff537c7ac3d1fba0ba032cfc06194faffa8cda8b560ff",
                "sha256:4aa4e5faecf353ed117801a068ebab7b7e09ffb6e1d5e412dc852e0da018126c",
                "sha256:52305740fe773d09cffb16f8ed0427942901f00adedac82ec8b67752f58a1b22",
                "sha256:569511d3b58c8791ab4c2e1285575265991e6d8f8700c7be0e88f86cb0672094",
                "sha256:57cb5a3cf367aeb1d316576250f65edec5bb3be939e9247ae594b4bcbc317dfb",
                "sha256:5b02fb34468b6aaa40dfc198d813a641e3a63b98c2b05a16b9f80b7ec314185e",
                "sha256:6381026f158fdb7c72a168278597a5e3a5222e83ea18f543112b2662a9b699c5",
                "sha256:6af100e168aa82a50e186c82875a5893c5597a0c1ccdb0d8b40240b1f28b969a",
                "sha256:6c89876f41da747c8d3677a2b540fb32ef5715f97b66eeb0c6b66f5e3ef6f59d",
                "sha256:6e296a513ca3d94054c2c881cc913116e90fd030ad1c656b3869762b754f5f8a",
                "sha256:70a87b411535ccad5ef2f1df5136506a10775d267e197e4cf531ced10537bd6b",
                "sha256:7e94c425039cde14257288fd61dcfb01963e658efbc0ff54f5306b06054700f8",
                "sha256:846ade7b71e3536c4e56b386c2a47adf5741d2d8b94ec9dc3e92e5e1ee1e2225",
                "sha256:88416bd1e65dcea10bc7569faacb2c20ce071dd1f87539ca2ab364bf6231393c",
                "sha256:88b49a3b9ff31e19998750c38e030fc7bb937398b1f78cfa599aaef92d693144",
                "sha256:8c4e8c3ce11e1f92f6536ff07154f9d49677ebaaafc32db9db4620bc11ed480f",
                "sha256:8e06879fc22a25ca47312fbe7c8264eb0b662f6db27cb2d3bbbc74b1df4b9b87",
                "sha256:9025b4018f3a1314059769c7bf15441064b2207cb3f065e6ea1e7359cb46db9d",
                "sha256:93335ca3812df2f366e80509ae119189886b0f3c2b81325d39efdb84a1e2ae93",
                "sha256:9778bd8ab0a994ebf6f84c2b949e65736d5575320a17ae8984a77fab08db94cf",
                "sha256:9e2d922824181480953426608b81967de705c3cef4d1af983af849d7bd619158",
                "sha256:a123e330ef0853c6e822384873bef7507557d8e4a082961e1defa947aa59ba84",
                "sha256:a904af0a6162c73e3edcb969eeeb53a63ceeb5d8cf642fade7d39e7963a22ddb",
                "sha256:ad10d3ded218f1039f11a75f8091880239651b52e9bb592ca27de44eed242a48",
                "sha256:b424c77b206d63d500bcb69fa55ed8d0e6a3774056bdc4839fc9298a7edca171",
                "sha256:b5a6b3ada725cea8a5e634536b1b01c30bcdcd7f9c6fff4151548d5bf6b3a36c",
                "sha256:ba8062ed2cf21c07a9e295d5b8a2a5ce678b913b45fdf68c32d95d6c1291e0b6",
                "sha256:ba9527cdd4c926ed0760bc301f6728ef34d841f405abf9d4f959c478421e4efd",
                "sha256:bbcb445fa71794da8f178f0f6d66789a28d7319071af7a496d4d507ed566270d",
                "sha256:bcf3e58998965654fdaff38e58584d8937aa3096ab5354d493c77d1fdd66d7a1",
                "sha256:c0ef13eaeee5b615fb07c9a7dadb38eac06a0608b41570d8ade51c56539e509d",
                "sha256:cabc348d87e913db6ab4aa100f01b08f481097838bdddf7c7a84b7575b7309ca",
                "sha256:cdb82a876c47801bb54a690c5ae105a46b392ac6099881cdfb9f6e95e4014c6a",
                "sha256:cfad01eed2c2e0c01fd0ecd2ef42c492f7f93902e39a42fc9ee1692961443a29",
                "sha256:d16a81a06776313e817c951135cf7340a3e91e8c1ff2fac444cfd75fffa04afe",
                "sha256:d8213e09c917a951de9d09ecee036d5c7d36cb6cb7dbaece4c71a60d79fb9798",
                "sha256:e07c3764494e3776c602c1e78e298937c3315ccc9043ead7e685b7f2b8d47b3c",
                "sha256:e17c96c14e19278594aa4841ec148115f9c7615a47382ecb6b82bd8fea3ab0c8",
                "sha256:e444a31f8db13eb18ada366ab3cf45fd4b31e4db1236a4448f68778c1d1a5a2f",
                "sha256:e6a2a455bd412959b57a172ce6328d2dd1f01cb2135efda2e4576e8a23fa3b0f",
                "sha256:eaa0a10b7f72326f1372a713e73c3f739b524b3af41feb43e4921cb529f5929a",
                "sha256:eb7972a85c54febfb25b5c4b4f3af4dcc731994c7da0d8a0b4a6eb0640e1d178",
                "sha256:ee55d3edf80167e48ea11a923c7386f4669df67d7994554387f84e7d8b0a2bf0",
                "sha256:f3818cb119498c0678015754eba762e0d61e5b52d34c8b13d770f0719f7b1d79",
                "sha256:f8b3d067f2e40fe93e1ccdd6b2e1d16c43140e76f02fb1319a05cf2b79d99430",
                "sha256:fcabf5ff6eea076f859677f5f0b6b5c1a51e70a376b0579e0eadef8db48c6b50"
            ],
            "markers": "python_version >= '3.9'",
            "version": "==3.0.2"
        },
        "passlib": {
            "hashes": [
                "sha256:aa6bca462b8d8bda89c70b382f0c298a20b5560af6cbfa2dce410c0a2fb669f1",
                "sha256:defd50f72b65c5402ab2c573830a6978e5f202ad0d984793c8dde2c4152ebe04"
            ],
            "version": "==1.7.4"
        },
        "pendulum": {
            "hashes": [
                "sha256:04a1094a5aa1daa34a6b57c865b25f691848c61583fb22722a4df5699f6bf74c",
                "sha256:0a15b90129765b705eb2039062a6daf4d22c4e28d1a54fa260892e8c3ae6e157",
                "sha256:0a78ad3635d609ceb1e97d6aedef6a6a6f93433ddb2312888e668365908c7120",
                "sha256:0c2308af4033fa534f089595bcd40a95a39988ce4059ccd3dc6acb9ef14ca44a",
                "sha256:0c717eab1b6d898c00a3e0fa7781d615b5c5136bbd40abe82be100bb06df7a56",
                "sha256:138afa9c373ee450ede206db5a5e9004fd3011b3c6bbe1e57015395cd076a09f",
                "sha256:17fe4b2c844bbf5f0ece69cfd959fa02957c61317b2161763950d88fed8e13b9",
                "sha256:1a3604e9fbc06b788041b2a8b78f75c243021e0f512447806a6d37ee5214905d",
                "sha256:1c134ba2f0571d0b68b83f6972e2307a55a5a849e7dac8505c715c531d2a8795",
                "sha256:2165a8f33cb15e06c67070b8afc87a62b85c5a273e3aaa6bc9d15c93a4920d6f",
                "sha256:22e7944ffc1f0099a79ff468ee9630c73f8c7835cd76fdb57ef7320e6a409df4",
                "sha256:235d64e87946d8f95c796af34818c76e0f88c94d624c268693c85b723b698aa9",
                "sha256:28f49d8d1e32aae9c284a90b6bb3873eee15ec6e1d9042edd611b22a94ac462f",
                "sha256:2cf9e53ef11668e07f73190c805dbdf07a1939c3298b78d5a9203a86775d1bfd",
                "sha256:2e169cc2ca419517f397811bbe4589cf3cd13fca6dc38bb352ba15ea90739ebb",
                "sha256:314c4038dc5e6a52991570f50edb2f08c339debdf8cea68ac355b32c4174e820",
                "sha256:3725245c0352c95d6ca297193192020d1b0c0f83d5ee6bb09964edc2b5a2d508",
                "sha256:385680812e7e18af200bb9b4a49777418c32422d05ad5a8eb85144c4a285907b",
                "sha256:3b1f74d1e6ffe5d01d6023870e2ce5c2191486928823196f8575dcc786e107b1",
                "sha256:3d897eb50883cc58d9b92f6405245f84b9286cd2de6e8694cb9ea5cb15195a32",
                "sha256:3ddd1d66d1a714ce43acfe337190be055cdc221d911fc886d5a3aae28e14b76d",
                "sha256:409e64e41418c49f973d43a28afe5df1df4f1dd87c41c7c90f1a63f61ae0f1f7",
                "sha256:4386bffeca23c4b69ad50a36211f75b35a4deb6210bdca112ac3043deb7e494a",
                "sha256:440215347b11914ae707981b9a57ab9c7b6983ab0babde07063c6ee75c0dc6e7",
                "sha256:4b2c5675769fb6d4c11238132962939b960fcb365436b6d623c5864287faa319",
                "sha256:4e8e36a8130819d97a479a0e7bf379b66b3b1b520e5dc46bd7eb14634338df8c",
                "sha256:597e66e63cbd68dd6d58ac46cb7a92363d2088d37ccde2dae4332ef23e95cd00",
                "sha256:5acb1d386337415f74f4d1955c4ce8d0201978c162927d07df8eb0692b2d8533",
                "sha256:5b0ec85b9045bd49dd3a3493a5e7ddfd31c36a2a60da387c419fa04abcaecb23",
                "sha256:5d034998dea404ec31fae27af6b22cff1708f830a1ed7353be4d1019bb9f584e",
                "sha256:5ebc65ea033ef0281368217fbf59f5cb05b338ac4dd23d60959c7afcd79a60a0",
                "sha256:60fb6f415fea93a11c52578eaa10594568a6716602be8430b167eb0d730f3332",
                "sha256:660434a6fcf6303c4efd36713ca9212c753140107ee169a3fc6c49c4711c2a05",
                "sha256:6a881d9c2a7f85bc9adafcfe671df5207f51f5715ae61f5d838b77a1356e8b7b",
                "sha256:6c035f03a3e565ed132927e2c1b691de0dbf4eb53b02a5a3c5a97e1a64e17bec",
                "sha256:6c58227ac260d5b01fc1025176d7b31858c9f62595737f350d22124a9a3ad82d",
                "sha256:729e9f93756a2cdfa77d0fc82068346e9731c7e884097160603872686e570f07",
                "sha256:773c3bc4ddda2dda9f1b9d51fe06762f9200f3293d75c4660c19b2614b991d83",
                "sha256:77d8839e20f54706aed425bec82a83b4aec74db07f26acd039905d1237a5e1d4",
                "sha256:78f8f4e7efe5066aca24a7a57511b9c2119f5c2b5eb81c46ff9222ce11e0a7a5",
                "sha256:7dc843253ac373358ffc0711960e2dd5b94ab67530a3e204d85c6e8cb2c5fa10",
                "sha256:822172853d7a9cf6da95d7b66a16c7160cb99ae6df55d44373888181d7a06edc",
                "sha256:825799c6b66e3734227756fa746cc34b3549c48693325b8b9f823cb7d21b19ac",
                "sha256:826d6e258052715f64d05ae0fc9040c0151e6a87aae7c109ba9a0ed930ce4000",
                "sha256:83a44e8b40655d0ba565a5c3d1365d27e3e6778ae2a05b69124db9e471255c4a",
                "sha256:83d9031f39c6da9677164241fd0d37fbfc9dc8ade7043b5d6d62f56e81af8ad2",
                "sha256:840de1b49cf1ec54c225a2a6f4f0784d50bd47f68e41dc005b7f67c7d5b5f3ae",
                "sha256:860aa9b8a888e5913bd70d819306749e5eb488e6b99cd6c47beb701b22bdecf5",
                "sha256:8af95e03e066826f0f4c65811cbee1b3123d4a45a1c3a2b4fc23c4b0dff893b5",
                "sha256:92c307ae7accebd06cbae4729f0ba9fa724df5f7d91a0964b1b972a22baa482b",
                "sha256:99a0f8172e19f3f0c0e4ace0ad1595134d5243cf75985dc2233e8f9e8de263ca",
                "sha256:9a59637cdb8462bdf2dbcb9d389518c0263799189d773ad5c11db6b13064fa79",
                "sha256:9eec91cd87c59fb32ec49eb722f375bd58f4be790cae11c1b70fac3ee4f00da0",
                "sha256:a38ad2121c5ec7c4c190c7334e789c3b4624798859156b138fcc4d92295835dc",
                "sha256:a5346d08f3f4a6e9e672187faa179c7bf9227897081d7121866358af369f44f9",
                "sha256:a6fc26907eb5fb8cc6188cc620bc2075a6c534d981a2f045daa5f79dfe50d512",
                "sha256:a789e12fbdefaffb7b8ac67f9d8f22ba17a3050ceaaa635cd1cc4645773a4b1e",
                "sha256:a90d4d504e82ad236afac9adca4d6a19e4865f717034fc69bafb112c320dcc8f",
                "sha256:ac65eeec2250d03106b5e81284ad47f0d417ca299a45e89ccc69e36130ca8bc7",
                "sha256:ad5e65b874b5e56bd942546ea7ba9dd1d6a25121db1c517700f1c9de91b28518",
                "sha256:ad769e98dc07972e24afe0cff8d365cb6f0ebc7e65620aa1976fcfbcadc4c6f3",
                "sha256:afde30e8146292b059020fbc8b6f8fd4a60ae7c5e6f0afef937bbb24880bdf01",
                "sha256:b11aceea5b20b4b5382962b321dbc354af0defe35daa84e9ff3aae3c230df694",
                "sha256:b30a137e9e0d1f751e60e67d11fc67781a572db76b2296f7b4d44554761049d6",
                "sha256:b69f6b4dbcb86f2c2fe696ba991e67347bcf87fe601362a1aba6431454b46bde",
                "sha256:bb8f6d7acd67a67d6fedd361ad2958ff0539445ef51cbe8cd288db4306503cd0",
                "sha256:c95984037987f4a457bb760455d9ca80467be792236b69d0084f228a8ada0162",
                "sha256:d29c6e578fe0f893766c0d286adbf0b3c726a4e2341eba0917ec79c50274ec16",
                "sha256:d2aae97087872ef152a0c40e06100b3665d8cb86b59bc8471ca7c26132fccd0f",
                "sha256:d4cdecde90aec2d67cebe4042fd2a87a4441cc02152ed7ed8fb3ebb110b94ec4",
                "sha256:d4e2512f4e1a4670284a153b214db9719eb5d14ac55ada5b76cbdb8c5c00399d",
                "sha256:d7762d2076b9b1cb718a6631ad6c16c23fc3fac76cbb8c454e81e80be98daa34",
                "sha256:d9fef18ab0386ef6a9ac7bad7e43ded42c83ff7ad412f950633854f90d59afa8",
                "sha256:dc00f8110db6898360c53c812872662e077eaf9c75515d53ecc65d886eec209a",
                "sha256:deaba8e16dbfcb3d7a6b5fabdd5a38b7c982809567479987b9c89572df62e027",
                "sha256:dee9e5a48c6999dc1106eb7eea3e3a50e98a50651b72c08a87ee2154e544b33e",
                "sha256:dfbcf1661d7146d7698da4b86e7f04814221081e9fe154183e34f4c5f5fa3bf8",
                "sha256:e586acc0b450cd21cbf0db6bae386237011b75260a3adceddc4be15334689a9a",
                "sha256:f17c3084a4524ebefd9255513692f7e7360e23c8853dc6f10c64cc184e1217ab",
                "sha256:fa30af36bd8e50686846bdace37cf6707bdd044e5cb6e1109acbad3277232e04",
                "sha256:fb551b9b5e6059377889d2d878d940fd0bbb80ae4810543db18e6f77b02c5ef6",
                "sha256:fd69b15374bef7e4b4440612915315cc42e8575fcda2a3d7586a0d88192d0c88",
                "sha256:fde4d0b2024b9785f66b7f30ed59281bd60d63d9213cda0eb0910ead777f6d37"
            ],
            "markers": "python_version >= '3.8'",
            "version": "==3.0.0"
        },
        "psycopg2-binary": {
            "hashes": [
                "sha256:03ef7df18daf2c4c07e2695e8cfd5ee7f748a1d54d802330985a78d2a5a6dca9",
                "sha256:0a602ea5aff39bb9fac6308e9c9d82b9a35c2bf288e184a816002c9fae930b77",
                "sha256:0c009475ee389757e6e34611d75f6e4f05f0cf5ebb76c6037508318e1a1e0d7e",
                "sha256:0ef4854e82c09e84cc63084a9e4ccd6d9b154f1dbdd283efb92ecd0b5e2b8c84",
                "sha256:1236ed0952fbd919c100bc839eaa4a39ebc397ed1c08a97fc45fee2a595aa1b3",
                "sha256:143072318f793f53819048fdfe30c321890af0c3ec7cb1dfc9cc87aa88241de2",
                "sha256:15208be1c50b99203fe88d15695f22a5bed95ab3f84354c494bcb1d08557df67",
                "sha256:1873aade94b74715be2246321c8650cabf5a0d098a95bab81145ffffa4c13876",
                "sha256:18d0ef97766055fec15b5de2c06dd8e7654705ce3e5e5eed3b6651a1d2a9a152",
                "sha256:1ea665f8ce695bcc37a90ee52de7a7980be5161375d42a0b6c6abedbf0d81f0f",
                "sha256:2293b001e319ab0d869d660a704942c9e2cce19745262a8aba2115ef41a0a42a",
                "sha256:246b123cc54bb5361588acc54218c8c9fb73068bf227a4a531d8ed56fa3ca7d6",
                "sha256:275ff571376626195ab95a746e6a04c7df8ea34638b99fc11160de91f2fef503",
                "sha256:281309265596e388ef483250db3640e5f414168c5a67e9c665cafce9492eda2f",
                "sha256:2d423c8d8a3c82d08fe8af900ad5b613ce3632a1249fd6a223941d0735fce493",
                "sha256:2e5afae772c00980525f6d6ecf7cbca55676296b580c0e6abb407f15f3706996",
                "sha256:30dcc86377618a4c8f3b72418df92e77be4254d8f89f14b8e8f57d6d43603c0f",
                "sha256:31a34c508c003a4347d389a9e6fcc2307cc2150eb516462a7a17512130de109e",
                "sha256:323ba25b92454adb36fa425dc5cf6f8f19f78948cbad2e7bc6cdf7b0d7982e59",
                "sha256:34eccd14566f8fe14b2b95bb13b11572f7c7d5c36da61caf414d23b91fcc5d94",
                "sha256:3a58c98a7e9c021f357348867f537017057c2ed7f77337fd914d0bedb35dace7",
                "sha256:3f78fd71c4f43a13d342be74ebbc0666fe1f555b8837eb113cb7416856c79682",
                "sha256:4154ad09dac630a0f13f37b583eae260c6aa885d67dfbccb5b02c33f31a6d420",
                "sha256:420f9bbf47a02616e8554e825208cb947969451978dceb77f95ad09c37791dae",
                "sha256:4686818798f9194d03c9129a4d9a702d9e113a89cb03bffe08c6cf799e053291",
                "sha256:57fede879f08d23c85140a360c6a77709113efd1c993923c59fde17aa27599fe",
                "sha256:60989127da422b74a04345096c10d416c2b41bd7bf2a380eb541059e4e999980",
                "sha256:64cf30263844fa208851ebb13b0732ce674d8ec6a0c86a4e160495d299ba3c93",
                "sha256:68fc1f1ba168724771e38bee37d940d2865cb0f562380a1fb1ffb428b75cb692",
                "sha256:6e6f98446430fdf41bd36d4faa6cb409f5140c1c2cf58ce0bbdaf16af7d3f119",
                "sha256:729177eaf0aefca0994ce4cffe96ad3c75e377c7b6f4efa59ebf003b6d398716",
                "sha256:72dffbd8b4194858d0941062a9766f8297e8868e1dd07a7b36212aaa90f49472",
                "sha256:75723c3c0fbbf34350b46a3199eb50638ab22a0228f93fb472ef4d9becc2382b",
                "sha256:77853062a2c45be16fd6b8d6de2a99278ee1d985a7bd8b103e97e41c034006d2",
                "sha256:78151aa3ec21dccd5cdef6c74c3e73386dcdfaf19bced944169697d7ac7482fc",
                "sha256:7f01846810177d829c7692f1f5ada8096762d9172af1b1a28d4ab5b77c923c1c",
                "sha256:804d99b24ad523a1fe18cc707bf741670332f7c7412e9d49cb5eab67e886b9b5",
                "sha256:81ff62668af011f9a48787564ab7eded4e9fb17a4a6a74af5ffa6a457400d2ab",
                "sha256:8359bf4791968c5a78c56103702000105501adb557f3cf772b2c207284273984",
                "sha256:83791a65b51ad6ee6cf0845634859d69a038ea9b03d7b26e703f94c7e93dbcf9",
                "sha256:8532fd6e6e2dc57bcb3bc90b079c60de896d2128c5d9d6f24a63875a95a088cf",
                "sha256:876801744b0dee379e4e3c38b76fc89f88834bb15bf92ee07d94acd06ec890a0",
                "sha256:8dbf6d1bc73f1d04ec1734bae3b4fb0ee3cb2a493d35ede9badbeb901fb40f6f",
                "sha256:8f8544b092a29a6ddd72f3556a9fcf249ec412e10ad28be6a0c0d948924f2212",
                "sha256:911dda9c487075abd54e644ccdf5e5c16773470a6a5d3826fda76699410066fb",
                "sha256:977646e05232579d2e7b9c59e21dbe5261f403a88417f6a6512e70d3f8a046be",
                "sha256:9dba73be7305b399924709b91682299794887cbbd88e38226ed9f6712eabee90",
                "sha256:a148c5d507bb9b4f2030a2025c545fccb0e1ef317393eaba42e7eabd28eb6041",
                "sha256:a6cdcc3ede532f4a4b96000b6362099591ab4a3e913d70bcbac2b56c872446f7",
                "sha256:ac05fb791acf5e1a3e39402641827780fe44d27e72567a000412c648a85ba860",
                "sha256:b0605eaed3eb239e87df0d5e3c6489daae3f7388d455d0c0b4df899519c6a38d",
                "sha256:b58b4710c7f4161b5e9dcbe73bb7c62d65670a87df7bcce9e1faaad43e715245",
                "sha256:b6356793b84728d9d50ead16ab43c187673831e9d4019013f1402c41b1db9b27",
                "sha256:b76bedd166805480ab069612119ea636f5ab8f8771e640ae103e05a4aae3e417",
                "sha256:bc7bb56d04601d443f24094e9e31ae6deec9ccb23581f75343feebaf30423359",
                "sha256:c2470da5418b76232f02a2fcd2229537bb2d5a7096674ce61859c3229f2eb202",
                "sha256:c332c8d69fb64979ebf76613c66b985414927a40f8defa16cf1bc028b7b0a7b0",
                "sha256:c6af2a6d4b7ee9615cbb162b0738f6e1fd1f5c3eda7e5da17861eacf4c717ea7",
                "sha256:c77e3d1862452565875eb31bdb45ac62502feabbd53429fdc39a1cc341d681ba",
                "sha256:ca08decd2697fdea0aea364b370b1249d47336aec935f87b8bbfd7da5b2ee9c1",
                "sha256:ca49a8119c6cbd77375ae303b0cfd8c11f011abbbd64601167ecca18a87e7cdd",
                "sha256:cb16c65dcb648d0a43a2521f2f0a2300f40639f6f8c1ecbc662141e4e3e1ee07",
                "sha256:d2997c458c690ec2bc6b0b7ecbafd02b029b7b4283078d3b32a852a7ce3ddd98",
                "sha256:d3f82c171b4ccd83bbaf35aa05e44e690113bd4f3b7b6cc54d2219b132f3ae55",
                "sha256:dc4926288b2a3e9fd7b50dc6a1909a13bbdadfc67d93f3374d984e56f885579d",
                "sha256:ead20f7913a9c1e894aebe47cccf9dc834e1618b7aa96155d2091a626e59c972",
                "sha256:ebdc36bea43063116f0486869652cb2ed7032dbc59fbcb4445c4862b5c1ecf7f",
                "sha256:ed1184ab8f113e8d660ce49a56390ca181f2981066acc27cf637d5c1e10ce46e",
                "sha256:ee825e70b1a209475622f7f7b776785bd68f34af6e7a46e2e42f27b659b5bc26",
                "sha256:f7ae5d65ccfbebdfa761585228eb4d0df3a8b15cfb53bd953e713e09fbb12957",
                "sha256:f7fc5a5acafb7d6ccca13bfa8c90f8c51f13d8fb87d95656d3950f0158d3ce53",
                "sha256:f9b5571d33660d5009a8b3c25dc1db560206e2d2f89d3df1cb32d72c0d117d52"
            ],
            "markers": "python_version >= '3.7'",
            "version": "==2.9.9"
        },
        "py-buzz": {
            "hashes": [
                "sha256:4ada061df8f0ebaf1f516a260355ed53344056c6fdd196709f4eec1f1bbcaa73",
                "sha256:f3fba5dabb2aab46d6d5227dc35f9be5c9c38cc63da04029b5a9b94d2bf57333"
            ],
            "markers": "python_version >= '3.8' and python_version < '4.0'",
            "version": "==4.2.0"
        },
        "pyjwt": {
            "hashes": [
                "sha256:3cc5772eb20009233caf06e9d8a0577824723b44e6648ee0a2aedb6cf9381953",
                "sha256:dcdd193e30abefd5debf142f9adfcdd2b58004e644f25406ffaebd50bd98dacb"
            ],
            "markers": "python_version >= '3.9'",
            "version": "==2.10.1"
        },
        "python-dateutil": {
            "hashes": [
                "sha256:37dd54208da7e1cd875388217d5e00ebd4179249f90fb72437e91a35459a0ad3",
                "sha256:a8b2bc7bffae282281c8140a97d3aa9c14da0b136dfe83f850eea9a5f7470427"
            ],
            "markers": "python_version >= '2.7' and python_version not in '3.0, 3.1, 3.2, 3.3'",
            "version": "==2.9.0.post0"
        },
        "python-dotenv": {
            "hashes": [
                "sha256:e324ee90a023d808f1959c46bcbc04446a10ced277783dc6ee09987c37ec10ca",
                "sha256:f7b63ef50f1b690dddf550d03497b66d609393b40b564ed0d674909a68ebf16a"
            ],
            "index": "pypi",
            "version": "==1.0.1"
        },
        "pytz": {
            "hashes": [
                "sha256:2aa355083c50a0f93fa581709deac0c9ad65cca8a9e9beac660adcbd493c798a",
                "sha256:31c7c1817eb7fae7ca4b8c7ee50c72f93aa2dd863de768e1ef4245d426aa0725"
            ],
            "version": "==2024.2"
        },
        "setuptools": {
            "hashes": [
                "sha256:f171bab1dfbc86b132997f26a119f6056a57950d058587841a0082e8830f9dc5",
                "sha256:fe384da74336c398e0d956d1cae0669bc02eed936cdb1d49b57de1990dc11ffc"
            ],
            "markers": "python_version >= '3.8'",
            "version": "==70.3.0"
        },
        "six": {
            "hashes": [
                "sha256:4721f391ed90541fddacab5acf947aa0d3dc7d27b2e1e8eda2be8970586c3274",
                "sha256:ff70335d468e7eb6ec65b95b99d3a2836546063f63acc5171de367e834932a81"
            ],
            "markers": "python_version >= '2.7' and python_version not in '3.0, 3.1, 3.2, 3.3'",
            "version": "==1.17.0"
        },
        "sqlalchemy": {
            "hashes": [
                "sha256:01d10638a37460616708062a40c7b55f73e4d35eaa146781c683e0fa7f6c43fb",
                "sha256:04c487305ab035a9548f573763915189fc0fe0824d9ba28433196f8436f1449c",
                "sha256:0dfefdb3e54cd15f5d56fd5ae32f1da2d95d78319c1f6dfb9bcd0eb15d603d5d",
                "sha256:0f3ca96af060a5250a8ad5a63699180bc780c2edf8abf96c58af175921df847a",
                "sha256:205f5a2b39d7c380cbc3b5dcc8f2762fb5bcb716838e2d26ccbc54330775b003",
                "sha256:25664e18bef6dc45015b08f99c63952a53a0a61f61f2e48a9e70cec27e55f699",
                "sha256:296195df68326a48385e7a96e877bc19aa210e485fa381c5246bc0234c36c78e",
                "sha256:2a0732dffe32333211801b28339d2a0babc1971bc90a983e3035e7b0d6f06b93",
                "sha256:3071ad498896907a5ef756206b9dc750f8e57352113c19272bdfdc429c7bd7de",
                "sha256:308ef9cb41d099099fffc9d35781638986870b29f744382904bf9c7dadd08513",
                "sha256:334184d1ab8f4c87f9652b048af3f7abea1c809dfe526fb0435348a6fef3d380",
                "sha256:38b624e5cf02a69b113c8047cf7f66b5dfe4a2ca07ff8b8716da4f1b3ae81567",
                "sha256:471fcb39c6adf37f820350c28aac4a7df9d3940c6548b624a642852e727ea586",
                "sha256:4c142852ae192e9fe5aad5c350ea6befe9db14370b34047e1f0f7cf99e63c63b",
                "sha256:4f6d971255d9ddbd3189e2e79d743ff4845c07f0633adfd1de3f63d930dbe673",
                "sha256:52c8011088305476691b8750c60e03b87910a123cfd9ad48576d6414b6ec2a1d",
                "sha256:52de4736404e53c5c6a91ef2698c01e52333988ebdc218f14c833237a0804f1b",
                "sha256:5c7b02525ede2a164c5fa5014915ba3591730f2cc831f5be9ff3b7fd3e30958e",
                "sha256:5ef3fbccb4058355053c51b82fd3501a6e13dd808c8d8cd2561e610c5456013c",
                "sha256:5f20cb0a63a3e0ec4e169aa8890e32b949c8145983afa13a708bc4b0a1f30e03",
                "sha256:61405ea2d563407d316c63a7b5271ae5d274a2a9fbcd01b0aa5503635699fa1e",
                "sha256:77d29cb6c34b14af8a484e831ab530c0f7188f8efed1c6a833a2c674bf3c26ec",
                "sha256:7b184e3de58009cc0bf32e20f137f1ec75a32470f5fede06c58f6c355ed42a72",
                "sha256:7e614d7a25a43a9f54fcce4675c12761b248547f3d41b195e8010ca7297c369c",
                "sha256:8197d6f7a3d2b468861ebb4c9f998b9df9e358d6e1cf9c2a01061cb9b6cf4e41",
                "sha256:87a1d53a5382cdbbf4b7619f107cc862c1b0a4feb29000922db72e5a66a5ffc0",
                "sha256:8c37f1050feb91f3d6c32f864d8e114ff5545a4a7afe56778d76a9aec62638ba",
                "sha256:90453597a753322d6aa770c5935887ab1fc49cc4c4fdd436901308383d698b4b",
                "sha256:988569c8732f54ad3234cf9c561364221a9e943b78dc7a4aaf35ccc2265f1930",
                "sha256:99a1e69d4e26f71e750e9ad6fdc8614fbddb67cfe2173a3628a2566034e223c7",
                "sha256:9b19836ccca0d321e237560e475fd99c3d8655d03da80c845c4da20dda31b6e1",
                "sha256:9d6753305936eddc8ed190e006b7bb33a8f50b9854823485eed3a886857ab8d1",
                "sha256:a13b917b4ffe5a0a31b83d051d60477819ddf18276852ea68037a144a506efb9",
                "sha256:a88913000da9205b13f6f195f0813b6ffd8a0c0c2bd58d499e00a30eb508870c",
                "sha256:b2a0e3cf0caac2085ff172c3faacd1e00c376e6884b5bc4dd5b6b84623e29e4f",
                "sha256:b5d7ed79df55a731749ce65ec20d666d82b185fa4898430b17cb90c892741520",
                "sha256:bab41acf151cd68bc2b466deae5deeb9e8ae9c50ad113444151ad965d5bf685b",
                "sha256:bd9566b8e58cabd700bc367b60e90d9349cd16f0984973f98a9a09f9c64e86f0",
                "sha256:bda7ce59b06d0f09afe22c56714c65c957b1068dee3d5e74d743edec7daba552",
                "sha256:c2f9c762a2735600654c654bf48dad388b888f8ce387b095806480e6e4ff6907",
                "sha256:c4520047006b1d3f0d89e0532978c0688219857eb2fee7c48052560ae76aca1e",
                "sha256:d96710d834a6fb31e21381c6d7b76ec729bd08c75a25a5184b1089141356171f",
                "sha256:dba622396a3170974f81bad49aacebd243455ec3cc70615aeaef9e9613b5bca5",
                "sha256:dc4ee2d4ee43251905f88637d5281a8d52e916a021384ec10758826f5cbae305",
                "sha256:dddaae9b81c88083e6437de95c41e86823d150f4ee94bf24e158a4526cbead01",
                "sha256:de7202ffe4d4a8c1e3cde1c03e01c1a3772c92858837e8f3879b497158e4cb44",
                "sha256:e5bbe55e8552019c6463709b39634a5fc55e080d0827e2a3a11e18eb73f5cdbd",
                "sha256:ea311d4ee9a8fa67f139c088ae9f905fcf0277d6cd75c310a21a88bf85e130f5",
                "sha256:fecd5089c4be1bcc37c35e9aa678938d2888845a134dd016de457b942cf5a758"
            ],
            "index": "pypi",
            "version": "==2.0.29"
        },
        "sqlalchemy-serializer": {
            "hashes": [
                "sha256:4f140b711976e0a31a8c52d633ea4ba2a624611cd6573cb72b4985316547797b",
                "sha256:866fac5fb62cf92793470d8b93e4db47fbfffa76d7b4ef7d69906a9000c026cb"
            ],
            "index": "pypi",
            "version": "==1.4.22"
        },
        "time-machine": {
            "hashes": [
                "sha256:01bc257e9418980a4922de94775be42a966e1a082fb01a1635917f9afc7b84ca",
                "sha256:09531af59fdfb39bfd24d28bd1e837eff5a5d98318509a31b6cfd57d27801e52",
                "sha256:0c766bea27a0600e36806d628ebc4b47178b12fcdfb6c24dc0a566a9c06bfe7f",
                "sha256:12474fcdbc475aa6fe5275fe7224e685c5b9777f5939647f35980e9614ae7558",
                "sha256:15ec236b6571730236a193d9d6c11d472432fc6ab54e85eac1c16d98ddcd71bf",
                "sha256:1784edf173ca840ba154de6eed000b5727f65ab92972c2f88cec5c4d6349c5f2",
                "sha256:1e0dcc97cfec12ae306e3036746e7631cc7ef65c31889f7264c25217d4938367",
                "sha256:23c5283c01b4f80b7dfbc88f3d8088c06c301b94b7c35366be498c2d7b308549",
                "sha256:2552f0767bc10c9d668f108fef9b487809cdeb772439ce932e74136365c69baf",
                "sha256:265462c77dc9576267c3c7f20707780a171a9fdbac93ac22e608c309efd68c33",
                "sha256:298aa423e07c8b21b991782f01d7749c871c792319c2af3e9755f9ab49033212",
                "sha256:2e08a4015d5d1aab2cb46c780e85b33efcd5cbe880bb363b282a6972e617b8bb",
                "sha256:2f5876a5682ce1f517e55d7ace2383432627889f6f7e338b961f99d684fd9e8d",
                "sha256:317b68b56a9c3731e0cf8886e0f94230727159e375988b36c60edce0ddbcb44a",
                "sha256:32d445ce20d25c60ab92153c073942b0bac9815bfbfd152ce3dcc225d15ce988",
                "sha256:4149e17018af07a5756a1df84aea71e6e178598c358c860c6bfec42170fa7970",
                "sha256:43e1e18279759897be3293a255d53e6b1cb0364b69d9591d0b80c51e461c94b0",
                "sha256:4a99acc273d2f98add23a89b94d4dd9e14969c01214c8514bfa78e4e9364c7e2",
                "sha256:4d3843143c46dddca6491a954bbd0abfd435681512ac343169560e9bab504129",
                "sha256:503e7ff507c2089699d91885fc5b9c8ff16774a7b6aff48b4dcee0c0a0685b61",
                "sha256:520a814ea1b2706c89ab260a54023033d3015abef25c77873b83e3d7c1fafbb2",
                "sha256:5886e23ede3478ca2a3e0a641f5d09dd784dfa9e48c96e8e5e31fc4fe77b6dc0",
                "sha256:64c205ea37b8c4ba232645335fc3b75bc2d03ce30f0a34649e36cae85652ee96",
                "sha256:667b150fedb54acdca2a4bea5bf6da837b43e6dd12857301b48191f8803ba93f",
                "sha256:6895e3e84119594ab12847c928f619d40ae9cedd0755515dc154a5b5dc6edd9f",
                "sha256:6dae82ab647d107817e013db82223e20a9853fa88543fec853ae326382d03c2e",
                "sha256:7751bf745d54e9e8b358c0afa332815da9b8a6194b26d0fd62876ab6c4d5c9c0",
                "sha256:7c29616e18e2349a8766d5b6817920fc74e39c00fa375d202231e9d525a1b882",
                "sha256:806672529a2e255cd901f244c9033767dc1fa53466d0d3e3e49565a1572a64fe",
                "sha256:8243664438bb468408b29c6865958662d75e51f79c91842d2794fa22629eb697",
                "sha256:84788f4d62a8b1bf5e499bb9b0e23ceceea21c415ad6030be6267ce3d639842f",
                "sha256:8f936566ef9f09136a3d5db305961ef6d897b76b240c9ff4199144aed6dd4fe5",
                "sha256:92d0b0f3c49f34dd76eb462f0afdc61ed1cb318c06c46d03e99b44ebb489bdad",
                "sha256:9d26d79de1c63a8c6586c75967e09b0ff306aa7e944a1eaddb74595c9b1839ca",
                "sha256:9db5e5b3ccdadaafa5730c2f9db44c38b013234c9ad01f87738907e19bdba268",
                "sha256:ac2df0fa564356384515ed62cb6679f33f1f529435b16b0ec0f88414635dbe39",
                "sha256:ac95ae4529d7d85b251f9cf0f961a8a408ba285875811268f469d824a3b0b15a",
                "sha256:c0fca3025266d88d1b48be162a43b7c2d91c81cc5b3bee9f01194678ffb9969a",
                "sha256:c1906ec6e26e6b803cd6aab28d420c87285b9c209ff2a69f82d12f82278f78bb",
                "sha256:c1ceb6035a64cb00650e3ab203cf3faffac18576a3f3125c24df468b784077c7",
                "sha256:c761d32d0c5d1fe5b71ac502e1bd5edec4598a7fc6f607b9b906b98e911148ce",
                "sha256:c76caf539fa4941e1817b7c482c87c65c52a1903fea761e84525955c6106fafb",
                "sha256:cac3e2b4101db296b150cb665e5461c03621e6ede6117fc9d5048c0ec96d6e7c",
                "sha256:cedc989717c8b44a3881ac3d68ab5a95820448796c550de6a2149ed1525157f0",
                "sha256:d0b6ff3ccde9b16bbc694a2b5facf2d8890554f3135ff626ed1429e270e3cc4f",
                "sha256:d5fe7a6284e3dce87ae13a25029c53542dd27a28d151f3ef362ec4dd9c3e45fd",
                "sha256:da3ae1028af240c0c46c79adf9c1acffecc6ed1701f2863b8132f5ceae6ae4b5",
                "sha256:ddfab1c622342f2945942c5c2d6be327656980e8f2d2b2ce0c022d0aa3711361",
                "sha256:dfb76674db946a74f0ca6e3b81caa8265e35dafe9b7005c7d2b8dd5bbd3825cf",
                "sha256:dfe92412bd11104c4f0fb2da68653e6c45b41f7217319a83a8b66ed4f20148b3",
                "sha256:e3391ae9c484736850bb44ef125cbad52fe2d1b69e42c95dc88c43af8ead2cc7",
                "sha256:e43adb22def972a29d2b147999b56897116085777a0fea182fd93ee45730611e",
                "sha256:e46bd09c944ec7a20868abd2b83d7d7abdaf427775e9df3089b9226a122b340f",
                "sha256:eee7b0fc4fbab2c6585ea17606c6548be83919c70deea0865409fe9fc2d8cdce",
                "sha256:ef768e14768eebe3bb1196c0dece8e14c1c6991605721214a0c3c68cf77eb216",
                "sha256:f6927dda86425f97ffda36131f297b1a601c64a6ee6838bfa0e6d3149c2f0d9f"
            ],
            "markers": "implementation_name != 'pypy'",
            "version": "==2.16.0"
        },
        "typing-extensions": {
            "hashes": [
                "sha256:04e5ca0351e0f3f85c6853954072df659d0d13fac324d0072316b67d7794700d",
                "sha256:1a7ead55c7e559dd4dee8856e3a88b41225abfe1ce8df57b7c13915fe121ffb8"
            ],
            "markers": "python_version >= '3.8'",
            "version": "==4.12.2"
        },
        "tzdata": {
            "hashes": [
                "sha256:24894909e88cdb28bd1636c6887801df64cb485bd593f2fd83ef29075a81d694",
                "sha256:7e127113816800496f027041c570f50bcd464a020098a3b6b199517772303639"
            ],
            "markers": "python_version >= '2'",
            "version": "==2025.1"
        },
        "werkzeug": {
            "hashes": [
                "sha256:54b78bf3716d19a65be4fceccc0d1d7b89e608834989dfae50ea87564639213e",
                "sha256:60723ce945c19328679790e3282cc758aa4a6040e4bb330f53d30fa546d44746"
            ],
            "markers": "python_version >= '3.9'",
            "version": "==3.1.3"
        }
    },
    "develop": {
        "autopep8": {
            "hashes": [
                "sha256:89440a4f969197b69a995e4ce0661b031f455a9f776d2c5ba3dbd83466931758",
                "sha256:ce8ad498672c845a0c3de2629c15b635ec2b05ef8177a6e7c91c74f3e9b51128"
            ],
            "index": "pypi",
            "version": "==2.3.2"
        },
        "pycodestyle": {
            "hashes": [
                "sha256:46f0fb92069a7c28ab7bb558f05bfc0110dac69a0cd23c61ea0040283a9d78b3",
                "sha256:6838eae08bbce4f6accd5d5572075c63626a15ee3e6f842df996bf62f6d73521"
            ],
            "markers": "python_version >= '3.8'",
            "version": "==2.12.1"
        }
    }
}
